
Microsoft Visual Studio Solution File, Format Version 12.00
# Visual Studio 2013
VisualStudioVersion = 12.0.30501.0
MinimumVisualStudioVersion = 10.0.40219.1
Project("{FAE04EC0-301F-11D3-BF4B-00C04F79EFBC}") = "CardGameCs", "CardGameCs\CardGameCs.csproj", "{4A4FEF79-A3F8-465E-BAB3-48C6DCE64C92}"
EndProject
Project("{FAE04EC0-301F-11D3-BF4B-00C04F79EFBC}") = "CardLib", "CardLib\CardLib.csproj", "{10C71047-83B9-4351-8AEC-B2C001E46FE4}"
EndProject
Global
	GlobalSection(SolutionConfigurationPlatforms) = preSolution
		Debug|Any CPU = Debug|Any CPU
		Release|Any CPU = Release|Any CPU
	EndGlobalSection
	GlobalSection(ProjectConfigurationPlatforms) = postSolution
		{4A4FEF79-A3F8-465E-BAB3-48C6DCE64C92}.Debug|Any CPU.ActiveCfg = Debug|Any CPU
		{4A4FEF79-A3F8-465E-BAB3-48C6DCE64C92}.Debug|Any CPU.Build.0 = Debug|Any CPU
		{4A4FEF79-A3F8-465E-BAB3-48C6DCE64C92}.Release|Any CPU.ActiveCfg = Release|Any CPU
		{4A4FEF79-A3F8-465E-BAB3-48C6DCE64C92}.Release|Any CPU.Build.0 = Release|Any CPU
		{10C71047-83B9-4351-8AEC-B2C001E46FE4}.Debug|Any CPU.ActiveCfg = Debug|Any CPU
		{10C71047-83B9-4351-8AEC-B2C001E46FE4}.Debug|Any CPU.Build.0 = Debug|Any CPU
		{10C71047-83B9-4351-8AEC-B2C001E46FE4}.Release|Any CPU.ActiveCfg = Release|Any CPU
		{10C71047-83B9-4351-8AEC-B2C001E46FE4}.Release|Any CPU.Build.0 = Release|Any CPU
	EndGlobalSection
	GlobalSection(SolutionProperties) = preSolution
		HideSolutionNode = FALSE
	EndGlobalSection
EndGlobal
